
Microsoft Visual Studio Solution File, Format Version 12.00
# Visual Studio Version 17
VisualStudioVersion = 17.13.36105.23
MinimumVisualStudioVersion = 10.0.40219.1
Project("{2150E333-8FDC-42A3-9474-1A3956D46DE8}") = "1-SOLID_Design_Principles", "1-SOLID_Design_Principles", "{02EA681E-C7D8-13C7-8484-4AC65E1B71E8}"
EndProject
Project("{FAE04EC0-301F-11D3-BF4B-00C04F79EFBC}") = "2-Open-Closed", "1-SOLID_Design_Principles\2-Open-Closed\2-Open-Closed.csproj", "{811641B1-FB3F-427A-974E-C5D1DDF307E7}"
EndProject
Project("{FAE04EC0-301F-11D3-BF4B-00C04F79EFBC}") = "3-LiskovSubstitution", "1-SOLID_Design_Principles\3-LiskovSubstitution\3-LiskovSubstitution.csproj", "{5419176A-2920-4FAA-8D33-F53C96F239EC}"
EndProject
Project("{FAE04EC0-301F-11D3-BF4B-00C04F79EFBC}") = "1-SingleResponsibility", "1-SOLID_Design_Principles\1-SingleResponsibility\1-SingleResponsibility.csproj", "{176505A5-A728-4BB0-9BEE-02E4C6E772A7}"
EndProject
Project("{FAE04EC0-301F-11D3-BF4B-00C04F79EFBC}") = "4-Interface Segregation", "1-SOLID_Design_Principles\4-Interface Segregation\4-Interface Segregation.csproj", "{0235FCC9-F4A3-48E9-89F9-E5FD775EA052}"
EndProject
Project("{FAE04EC0-301F-11D3-BF4B-00C04F79EFBC}") = "5-DependencyInversion", "1-SOLID_Design_Principles\5-DependencyInversion\5-DependencyInversion.csproj", "{BA9DC5EF-CE64-44A9-89D9-8885BA682058}"
EndProject
Project("{2150E333-8FDC-42A3-9474-1A3956D46DE8}") = "2-Creational", "2-Creational", "{DC4A7343-910D-4F8E-9965-1B275719678B}"
EndProject
Project("{2150E333-8FDC-42A3-9474-1A3956D46DE8}") = "1-Builders", "1-Builders", "{7885F72A-2BD6-4296-8863-F7E4216D26F2}"
EndProject
Project("{2150E333-8FDC-42A3-9474-1A3956D46DE8}") = "2-Factories", "2-Factories", "{EE664FEF-60FE-49D3-BF8D-822855616585}"
EndProject
Project("{FAE04EC0-301F-11D3-BF4B-00C04F79EFBC}") = "1-Builder", "2-Creational\1-Builders\1-Builder\1-Builder.csproj", "{30291F05-C9BE-4DF9-A71B-DFF1ECBFCB3E}"
EndProject
Project("{FAE04EC0-301F-11D3-BF4B-00C04F79EFBC}") = "2-BuilderInheritance", "2-Creational\1-Builders\2-BuilderInheritance\2-BuilderInheritance.csproj", "{EE6BBE10-0A43-40C2-9509-F2259C244AB6}"
EndProject
Project("{FAE04EC0-301F-11D3-BF4B-00C04F79EFBC}") = "3-StepwiseBuilder", "2-Creational\1-Builders\3-StepwiseBuilder\3-StepwiseBuilder.csproj", "{9C29727A-1791-4600-A9C1-918D3CEECC8A}"
EndProject
Project("{FAE04EC0-301F-11D3-BF4B-00C04F79EFBC}") = "4-FunctionalBuilder", "2-Creational\1-Builders\4-FunctionalBuilder\4-FunctionalBuilder.csproj", "{9137864B-9A55-47AF-8472-CA57F77FA71B}"
EndProject
Project("{FAE04EC0-301F-11D3-BF4B-00C04F79EFBC}") = "4-FunctionalGenericBuilder", "2-Creational\1-Builders\4-FunctionalGenericBuilder\4-FunctionalGenericBuilder.csproj", "{76EFD84D-9A94-4BEE-82B7-6E2192296DB5}"
EndProject
Project("{FAE04EC0-301F-11D3-BF4B-00C04F79EFBC}") = "5-FacetedBuilder", "2-Creational\1-Builders\5-FacetedBuilder\5-FacetedBuilder.csproj", "{BE16CC90-9820-49FD-9873-34A8370C024D}"
EndProject
Project("{FAE04EC0-301F-11D3-BF4B-00C04F79EFBC}") = "1-Factory", "2-Creational\2-Factories\1-Factory\1-Factory.csproj", "{287C9069-48D0-4C16-BD87-30FAD8F10862}"
EndProject
Project("{FAE04EC0-301F-11D3-BF4B-00C04F79EFBC}") = "2-AsynchronousFactory", "2-Creational\2-Factories\2-AsynchronousFactory\2-AsynchronousFactory.csproj", "{F295A3B7-0406-47E0-B1F3-44073E7CA1D2}"
EndProject
Project("{FAE04EC0-301F-11D3-BF4B-00C04F79EFBC}") = "3-BulkReplacementFactory", "2-Creational\2-Factories\3-BulkReplacementFactory\3-BulkReplacementFactory.csproj", "{9F8D52AF-35D3-4A72-B17B-9EF21D1D7BF2}"
EndProject
Project("{FAE04EC0-301F-11D3-BF4B-00C04F79EFBC}") = "4-AbstractFactory", "2-Creational\2-Factories\4-AbstractFactory\4-AbstractFactory.csproj", "{0B5C4111-5595-4883-96B2-E3CB2978E872}"
EndProject
Project("{2150E333-8FDC-42A3-9474-1A3956D46DE8}") = "3-Prototypes", "3-Prototypes", "{E192F341-2510-4185-B87A-B1633D1FBC69}"
EndProject
Project("{FAE04EC0-301F-11D3-BF4B-00C04F79EFBC}") = "1-ICloneableIsBad", "2-Creational\3-Prototypes\1-ICloneableIsBad\1-ICloneableIsBad.csproj", "{5D0DD4EF-9D1F-4D15-9F62-5072B2C0C57D}"
EndProject
Project("{FAE04EC0-301F-11D3-BF4B-00C04F79EFBC}") = "2-CopyConstructorsInsteadOfICloneable", "2-Creational\3-Prototypes\2-CopyConstructorsInsteadOfICloneable\2-CopyConstructorsInsteadOfICloneable.csproj", "{BEC4B801-D4FA-4E29-B166-CD3E89965093}"
EndProject
Project("{FAE04EC0-301F-11D3-BF4B-00C04F79EFBC}") = "3-Inheritance", "2-Creational\3-Prototypes\3-Inheritance\3-Inheritance.csproj", "{62ABC227-85F9-482C-B0F1-3A3FC541D6B8}"
EndProject
Project("{FAE04EC0-301F-11D3-BF4B-00C04F79EFBC}") = "4-CopyThroughSerialization", "2-Creational\3-Prototypes\4-CopyThroughSerialization\4-CopyThroughSerialization.csproj", "{0C5EAC2D-6199-49C0-B594-3730FAF3009C}"
EndProject
Project("{2150E333-8FDC-42A3-9474-1A3956D46DE8}") = "4-Singletons", "4-Singletons", "{D9E60E73-0BE4-4900-8A5D-2796FDEFB4EB}"
EndProject
Project("{FAE04EC0-301F-11D3-BF4B-00C04F79EFBC}") = "1-Singleton", "2-Creational\4-Singletons\1-Singleton\1-Singleton.csproj", "{42BA8B7C-746D-42BA-8042-6C2A9DF44102}"
EndProject
Project("{FAE04EC0-301F-11D3-BF4B-00C04F79EFBC}") = "2-SingletonInDI", "2-Creational\4-Singletons\2-SingletonInDI\2-SingletonInDI.csproj", "{4A935860-0BB0-47DE-94DC-7F24580F8B9C}"
EndProject
Project("{FAE04EC0-301F-11D3-BF4B-00C04F79EFBC}") = "3-Monostate", "2-Creational\4-Singletons\3-Monostate\3-Monostate.csproj", "{64FCB708-BEB8-4984-BF75-294680C83387}"
EndProject
Project("{FAE04EC0-301F-11D3-BF4B-00C04F79EFBC}") = "4-PerThread", "2-Creational\4-Singletons\4-PerThread\4-PerThread.csproj", "{34521174-9810-4F96-B61F-0F77EE29DBE9}"
EndProject
Project("{FAE04EC0-301F-11D3-BF4B-00C04F79EFBC}") = "5-AmbientContext", "2-Creational\4-Singletons\5-AmbientContext\5-AmbientContext.csproj", "{7C65CEBD-5410-4693-8CEF-3DDA715242B2}"
EndProject
Project("{2150E333-8FDC-42A3-9474-1A3956D46DE8}") = "3-Structural", "3-Structural", "{1437971B-9BCC-4491-9002-58989830EBDD}"
EndProject
Project("{2150E333-8FDC-42A3-9474-1A3956D46DE8}") = "1-Adapter", "1-Adapter", "{341A9D06-AACF-4B16-A0AB-6D8D4F1EAF6F}"
EndProject
Project("{FAE04EC0-301F-11D3-BF4B-00C04F79EFBC}") = "1-NoCaching", "3-Structural\1-Adapter\1-NoCaching\1-NoCaching.csproj", "{1D2E1514-B649-48C1-9BD6-40D1B952C82D}"
EndProject
Project("{FAE04EC0-301F-11D3-BF4B-00C04F79EFBC}") = "2-WithCaching", "3-Structural\1-Adapter\2-WithCaching\2-WithCaching.csproj", "{D7CE41B4-0EE5-4125-A5E9-08C25B8050CC}"
EndProject
Project("{FAE04EC0-301F-11D3-BF4B-00C04F79EFBC}") = "3-GenericValue", "3-Structural\1-Adapter\3-GenericValue\3-GenericValue.csproj", "{BBAD0798-0C3E-4592-A17C-C506735A949C}"
EndProject
Project("{FAE04EC0-301F-11D3-BF4B-00C04F79EFBC}") = "4-Autofac", "3-Structural\1-Adapter\4-Autofac\4-Autofac.csproj", "{F05AB9FC-6D21-41FA-ACF8-4B591E0D27A1}"
EndProject
Global
	GlobalSection(SolutionConfigurationPlatforms) = preSolution
		Debug|Any CPU = Debug|Any CPU
		Release|Any CPU = Release|Any CPU
	EndGlobalSection
	GlobalSection(ProjectConfigurationPlatforms) = postSolution
		{811641B1-FB3F-427A-974E-C5D1DDF307E7}.Debug|Any CPU.ActiveCfg = Debug|Any CPU
		{811641B1-FB3F-427A-974E-C5D1DDF307E7}.Debug|Any CPU.Build.0 = Debug|Any CPU
		{811641B1-FB3F-427A-974E-C5D1DDF307E7}.Release|Any CPU.ActiveCfg = Release|Any CPU
		{811641B1-FB3F-427A-974E-C5D1DDF307E7}.Release|Any CPU.Build.0 = Release|Any CPU
		{5419176A-2920-4FAA-8D33-F53C96F239EC}.Debug|Any CPU.ActiveCfg = Debug|Any CPU
		{5419176A-2920-4FAA-8D33-F53C96F239EC}.Debug|Any CPU.Build.0 = Debug|Any CPU
		{5419176A-2920-4FAA-8D33-F53C96F239EC}.Release|Any CPU.ActiveCfg = Release|Any CPU
		{5419176A-2920-4FAA-8D33-F53C96F239EC}.Release|Any CPU.Build.0 = Release|Any CPU
		{176505A5-A728-4BB0-9BEE-02E4C6E772A7}.Debug|Any CPU.ActiveCfg = Debug|Any CPU
		{176505A5-A728-4BB0-9BEE-02E4C6E772A7}.Debug|Any CPU.Build.0 = Debug|Any CPU
		{176505A5-A728-4BB0-9BEE-02E4C6E772A7}.Release|Any CPU.ActiveCfg = Release|Any CPU
		{176505A5-A728-4BB0-9BEE-02E4C6E772A7}.Release|Any CPU.Build.0 = Release|Any CPU
		{0235FCC9-F4A3-48E9-89F9-E5FD775EA052}.Debug|Any CPU.ActiveCfg = Debug|Any CPU
		{0235FCC9-F4A3-48E9-89F9-E5FD775EA052}.Debug|Any CPU.Build.0 = Debug|Any CPU
		{0235FCC9-F4A3-48E9-89F9-E5FD775EA052}.Release|Any CPU.ActiveCfg = Release|Any CPU
		{0235FCC9-F4A3-48E9-89F9-E5FD775EA052}.Release|Any CPU.Build.0 = Release|Any CPU
		{BA9DC5EF-CE64-44A9-89D9-8885BA682058}.Debug|Any CPU.ActiveCfg = Debug|Any CPU
		{BA9DC5EF-CE64-44A9-89D9-8885BA682058}.Debug|Any CPU.Build.0 = Debug|Any CPU
		{BA9DC5EF-CE64-44A9-89D9-8885BA682058}.Release|Any CPU.ActiveCfg = Release|Any CPU
		{BA9DC5EF-CE64-44A9-89D9-8885BA682058}.Release|Any CPU.Build.0 = Release|Any CPU
		{30291F05-C9BE-4DF9-A71B-DFF1ECBFCB3E}.Debug|Any CPU.ActiveCfg = Debug|Any CPU
		{30291F05-C9BE-4DF9-A71B-DFF1ECBFCB3E}.Debug|Any CPU.Build.0 = Debug|Any CPU
		{30291F05-C9BE-4DF9-A71B-DFF1ECBFCB3E}.Release|Any CPU.ActiveCfg = Release|Any CPU
		{30291F05-C9BE-4DF9-A71B-DFF1ECBFCB3E}.Release|Any CPU.Build.0 = Release|Any CPU
		{EE6BBE10-0A43-40C2-9509-F2259C244AB6}.Debug|Any CPU.ActiveCfg = Debug|Any CPU
		{EE6BBE10-0A43-40C2-9509-F2259C244AB6}.Debug|Any CPU.Build.0 = Debug|Any CPU
		{EE6BBE10-0A43-40C2-9509-F2259C244AB6}.Release|Any CPU.ActiveCfg = Release|Any CPU
		{EE6BBE10-0A43-40C2-9509-F2259C244AB6}.Release|Any CPU.Build.0 = Release|Any CPU
		{9C29727A-1791-4600-A9C1-918D3CEECC8A}.Debug|Any CPU.ActiveCfg = Debug|Any CPU
		{9C29727A-1791-4600-A9C1-918D3CEECC8A}.Debug|Any CPU.Build.0 = Debug|Any CPU
		{9C29727A-1791-4600-A9C1-918D3CEECC8A}.Release|Any CPU.ActiveCfg = Release|Any CPU
		{9C29727A-1791-4600-A9C1-918D3CEECC8A}.Release|Any CPU.Build.0 = Release|Any CPU
		{9137864B-9A55-47AF-8472-CA57F77FA71B}.Debug|Any CPU.ActiveCfg = Debug|Any CPU
		{9137864B-9A55-47AF-8472-CA57F77FA71B}.Debug|Any CPU.Build.0 = Debug|Any CPU
		{9137864B-9A55-47AF-8472-CA57F77FA71B}.Release|Any CPU.ActiveCfg = Release|Any CPU
		{9137864B-9A55-47AF-8472-CA57F77FA71B}.Release|Any CPU.Build.0 = Release|Any CPU
		{76EFD84D-9A94-4BEE-82B7-6E2192296DB5}.Debug|Any CPU.ActiveCfg = Debug|Any CPU
		{76EFD84D-9A94-4BEE-82B7-6E2192296DB5}.Debug|Any CPU.Build.0 = Debug|Any CPU
		{76EFD84D-9A94-4BEE-82B7-6E2192296DB5}.Release|Any CPU.ActiveCfg = Release|Any CPU
		{76EFD84D-9A94-4BEE-82B7-6E2192296DB5}.Release|Any CPU.Build.0 = Release|Any CPU
		{BE16CC90-9820-49FD-9873-34A8370C024D}.Debug|Any CPU.ActiveCfg = Debug|Any CPU
		{BE16CC90-9820-49FD-9873-34A8370C024D}.Debug|Any CPU.Build.0 = Debug|Any CPU
		{BE16CC90-9820-49FD-9873-34A8370C024D}.Release|Any CPU.ActiveCfg = Release|Any CPU
		{BE16CC90-9820-49FD-9873-34A8370C024D}.Release|Any CPU.Build.0 = Release|Any CPU
		{287C9069-48D0-4C16-BD87-30FAD8F10862}.Debug|Any CPU.ActiveCfg = Debug|Any CPU
		{287C9069-48D0-4C16-BD87-30FAD8F10862}.Debug|Any CPU.Build.0 = Debug|Any CPU
		{287C9069-48D0-4C16-BD87-30FAD8F10862}.Release|Any CPU.ActiveCfg = Release|Any CPU
		{287C9069-48D0-4C16-BD87-30FAD8F10862}.Release|Any CPU.Build.0 = Release|Any CPU
		{F295A3B7-0406-47E0-B1F3-44073E7CA1D2}.Debug|Any CPU.ActiveCfg = Debug|Any CPU
		{F295A3B7-0406-47E0-B1F3-44073E7CA1D2}.Debug|Any CPU.Build.0 = Debug|Any CPU
		{F295A3B7-0406-47E0-B1F3-44073E7CA1D2}.Release|Any CPU.ActiveCfg = Release|Any CPU
		{F295A3B7-0406-47E0-B1F3-44073E7CA1D2}.Release|Any CPU.Build.0 = Release|Any CPU
		{9F8D52AF-35D3-4A72-B17B-9EF21D1D7BF2}.Debug|Any CPU.ActiveCfg = Debug|Any CPU
		{9F8D52AF-35D3-4A72-B17B-9EF21D1D7BF2}.Debug|Any CPU.Build.0 = Debug|Any CPU
		{9F8D52AF-35D3-4A72-B17B-9EF21D1D7BF2}.Release|Any CPU.ActiveCfg = Release|Any CPU
		{9F8D52AF-35D3-4A72-B17B-9EF21D1D7BF2}.Release|Any CPU.Build.0 = Release|Any CPU
		{0B5C4111-5595-4883-96B2-E3CB2978E872}.Debug|Any CPU.ActiveCfg = Debug|Any CPU
		{0B5C4111-5595-4883-96B2-E3CB2978E872}.Debug|Any CPU.Build.0 = Debug|Any CPU
		{0B5C4111-5595-4883-96B2-E3CB2978E872}.Release|Any CPU.ActiveCfg = Release|Any CPU
		{0B5C4111-5595-4883-96B2-E3CB2978E872}.Release|Any CPU.Build.0 = Release|Any CPU
		{5D0DD4EF-9D1F-4D15-9F62-5072B2C0C57D}.Debug|Any CPU.ActiveCfg = Debug|Any CPU
		{5D0DD4EF-9D1F-4D15-9F62-5072B2C0C57D}.Debug|Any CPU.Build.0 = Debug|Any CPU
		{5D0DD4EF-9D1F-4D15-9F62-5072B2C0C57D}.Release|Any CPU.ActiveCfg = Release|Any CPU
		{5D0DD4EF-9D1F-4D15-9F62-5072B2C0C57D}.Release|Any CPU.Build.0 = Release|Any CPU
		{BEC4B801-D4FA-4E29-B166-CD3E89965093}.Debug|Any CPU.ActiveCfg = Debug|Any CPU
		{BEC4B801-D4FA-4E29-B166-CD3E89965093}.Debug|Any CPU.Build.0 = Debug|Any CPU
		{BEC4B801-D4FA-4E29-B166-CD3E89965093}.Release|Any CPU.ActiveCfg = Release|Any CPU
		{BEC4B801-D4FA-4E29-B166-CD3E89965093}.Release|Any CPU.Build.0 = Release|Any CPU
		{62ABC227-85F9-482C-B0F1-3A3FC541D6B8}.Debug|Any CPU.ActiveCfg = Debug|Any CPU
		{62ABC227-85F9-482C-B0F1-3A3FC541D6B8}.Debug|Any CPU.Build.0 = Debug|Any CPU
		{62ABC227-85F9-482C-B0F1-3A3FC541D6B8}.Release|Any CPU.ActiveCfg = Release|Any CPU
		{62ABC227-85F9-482C-B0F1-3A3FC541D6B8}.Release|Any CPU.Build.0 = Release|Any CPU
		{0C5EAC2D-6199-49C0-B594-3730FAF3009C}.Debug|Any CPU.ActiveCfg = Debug|Any CPU
		{0C5EAC2D-6199-49C0-B594-3730FAF3009C}.Debug|Any CPU.Build.0 = Debug|Any CPU
		{0C5EAC2D-6199-49C0-B594-3730FAF3009C}.Release|Any CPU.ActiveCfg = Release|Any CPU
		{0C5EAC2D-6199-49C0-B594-3730FAF3009C}.Release|Any CPU.Build.0 = Release|Any CPU
		{42BA8B7C-746D-42BA-8042-6C2A9DF44102}.Debug|Any CPU.ActiveCfg = Debug|Any CPU
		{42BA8B7C-746D-42BA-8042-6C2A9DF44102}.Debug|Any CPU.Build.0 = Debug|Any CPU
		{42BA8B7C-746D-42BA-8042-6C2A9DF44102}.Release|Any CPU.ActiveCfg = Release|Any CPU
		{42BA8B7C-746D-42BA-8042-6C2A9DF44102}.Release|Any CPU.Build.0 = Release|Any CPU
		{4A935860-0BB0-47DE-94DC-7F24580F8B9C}.Debug|Any CPU.ActiveCfg = Debug|Any CPU
		{4A935860-0BB0-47DE-94DC-7F24580F8B9C}.Debug|Any CPU.Build.0 = Debug|Any CPU
		{4A935860-0BB0-47DE-94DC-7F24580F8B9C}.Release|Any CPU.ActiveCfg = Release|Any CPU
		{4A935860-0BB0-47DE-94DC-7F24580F8B9C}.Release|Any CPU.Build.0 = Release|Any CPU
		{64FCB708-BEB8-4984-BF75-294680C83387}.Debug|Any CPU.ActiveCfg = Debug|Any CPU
		{64FCB708-BEB8-4984-BF75-294680C83387}.Debug|Any CPU.Build.0 = Debug|Any CPU
		{64FCB708-BEB8-4984-BF75-294680C83387}.Release|Any CPU.ActiveCfg = Release|Any CPU
		{64FCB708-BEB8-4984-BF75-294680C83387}.Release|Any CPU.Build.0 = Release|Any CPU
		{34521174-9810-4F96-B61F-0F77EE29DBE9}.Debug|Any CPU.ActiveCfg = Debug|Any CPU
		{34521174-9810-4F96-B61F-0F77EE29DBE9}.Debug|Any CPU.Build.0 = Debug|Any CPU
		{34521174-9810-4F96-B61F-0F77EE29DBE9}.Release|Any CPU.ActiveCfg = Release|Any CPU
		{34521174-9810-4F96-B61F-0F77EE29DBE9}.Release|Any CPU.Build.0 = Release|Any CPU
		{7C65CEBD-5410-4693-8CEF-3DDA715242B2}.Debug|Any CPU.ActiveCfg = Debug|Any CPU
		{7C65CEBD-5410-4693-8CEF-3DDA715242B2}.Debug|Any CPU.Build.0 = Debug|Any CPU
		{7C65CEBD-5410-4693-8CEF-3DDA715242B2}.Release|Any CPU.ActiveCfg = Release|Any CPU
		{7C65CEBD-5410-4693-8CEF-3DDA715242B2}.Release|Any CPU.Build.0 = Release|Any CPU
		{1D2E1514-B649-48C1-9BD6-40D1B952C82D}.Debug|Any CPU.ActiveCfg = Debug|Any CPU
		{1D2E1514-B649-48C1-9BD6-40D1B952C82D}.Debug|Any CPU.Build.0 = Debug|Any CPU
		{1D2E1514-B649-48C1-9BD6-40D1B952C82D}.Release|Any CPU.ActiveCfg = Release|Any CPU
		{1D2E1514-B649-48C1-9BD6-40D1B952C82D}.Release|Any CPU.Build.0 = Release|Any CPU
		{D7CE41B4-0EE5-4125-A5E9-08C25B8050CC}.Debug|Any CPU.ActiveCfg = Debug|Any CPU
		{D7CE41B4-0EE5-4125-A5E9-08C25B8050CC}.Debug|Any CPU.Build.0 = Debug|Any CPU
		{D7CE41B4-0EE5-4125-A5E9-08C25B8050CC}.Release|Any CPU.ActiveCfg = Release|Any CPU
		{D7CE41B4-0EE5-4125-A5E9-08C25B8050CC}.Release|Any CPU.Build.0 = Release|Any CPU
		{BBAD0798-0C3E-4592-A17C-C506735A949C}.Debug|Any CPU.ActiveCfg = Debug|Any CPU
		{BBAD0798-0C3E-4592-A17C-C506735A949C}.Debug|Any CPU.Build.0 = Debug|Any CPU
		{BBAD0798-0C3E-4592-A17C-C506735A949C}.Release|Any CPU.ActiveCfg = Release|Any CPU
		{BBAD0798-0C3E-4592-A17C-C506735A949C}.Release|Any CPU.Build.0 = Release|Any CPU
		{F05AB9FC-6D21-41FA-ACF8-4B591E0D27A1}.Debug|Any CPU.ActiveCfg = Debug|Any CPU
		{F05AB9FC-6D21-41FA-ACF8-4B591E0D27A1}.Debug|Any CPU.Build.0 = Debug|Any CPU
		{F05AB9FC-6D21-41FA-ACF8-4B591E0D27A1}.Release|Any CPU.ActiveCfg = Release|Any CPU
		{F05AB9FC-6D21-41FA-ACF8-4B591E0D27A1}.Release|Any CPU.Build.0 = Release|Any CPU
	EndGlobalSection
	GlobalSection(SolutionProperties) = preSolution
		HideSolutionNode = FALSE
	EndGlobalSection
	GlobalSection(NestedProjects) = preSolution
		{811641B1-FB3F-427A-974E-C5D1DDF307E7} = {02EA681E-C7D8-13C7-8484-4AC65E1B71E8}
		{5419176A-2920-4FAA-8D33-F53C96F239EC} = {02EA681E-C7D8-13C7-8484-4AC65E1B71E8}
		{176505A5-A728-4BB0-9BEE-02E4C6E772A7} = {02EA681E-C7D8-13C7-8484-4AC65E1B71E8}
		{0235FCC9-F4A3-48E9-89F9-E5FD775EA052} = {02EA681E-C7D8-13C7-8484-4AC65E1B71E8}
		{BA9DC5EF-CE64-44A9-89D9-8885BA682058} = {02EA681E-C7D8-13C7-8484-4AC65E1B71E8}
		{7885F72A-2BD6-4296-8863-F7E4216D26F2} = {DC4A7343-910D-4F8E-9965-1B275719678B}
		{EE664FEF-60FE-49D3-BF8D-822855616585} = {DC4A7343-910D-4F8E-9965-1B275719678B}
		{30291F05-C9BE-4DF9-A71B-DFF1ECBFCB3E} = {7885F72A-2BD6-4296-8863-F7E4216D26F2}
		{EE6BBE10-0A43-40C2-9509-F2259C244AB6} = {7885F72A-2BD6-4296-8863-F7E4216D26F2}
		{9C29727A-1791-4600-A9C1-918D3CEECC8A} = {7885F72A-2BD6-4296-8863-F7E4216D26F2}
		{9137864B-9A55-47AF-8472-CA57F77FA71B} = {7885F72A-2BD6-4296-8863-F7E4216D26F2}
		{76EFD84D-9A94-4BEE-82B7-6E2192296DB5} = {7885F72A-2BD6-4296-8863-F7E4216D26F2}
		{BE16CC90-9820-49FD-9873-34A8370C024D} = {7885F72A-2BD6-4296-8863-F7E4216D26F2}
		{287C9069-48D0-4C16-BD87-30FAD8F10862} = {EE664FEF-60FE-49D3-BF8D-822855616585}
		{F295A3B7-0406-47E0-B1F3-44073E7CA1D2} = {EE664FEF-60FE-49D3-BF8D-822855616585}
		{9F8D52AF-35D3-4A72-B17B-9EF21D1D7BF2} = {EE664FEF-60FE-49D3-BF8D-822855616585}
		{0B5C4111-5595-4883-96B2-E3CB2978E872} = {EE664FEF-60FE-49D3-BF8D-822855616585}
		{E192F341-2510-4185-B87A-B1633D1FBC69} = {DC4A7343-910D-4F8E-9965-1B275719678B}
		{5D0DD4EF-9D1F-4D15-9F62-5072B2C0C57D} = {E192F341-2510-4185-B87A-B1633D1FBC69}
		{BEC4B801-D4FA-4E29-B166-CD3E89965093} = {E192F341-2510-4185-B87A-B1633D1FBC69}
		{62ABC227-85F9-482C-B0F1-3A3FC541D6B8} = {E192F341-2510-4185-B87A-B1633D1FBC69}
		{0C5EAC2D-6199-49C0-B594-3730FAF3009C} = {E192F341-2510-4185-B87A-B1633D1FBC69}
		{D9E60E73-0BE4-4900-8A5D-2796FDEFB4EB} = {DC4A7343-910D-4F8E-9965-1B275719678B}
		{42BA8B7C-746D-42BA-8042-6C2A9DF44102} = {D9E60E73-0BE4-4900-8A5D-2796FDEFB4EB}
		{4A935860-0BB0-47DE-94DC-7F24580F8B9C} = {D9E60E73-0BE4-4900-8A5D-2796FDEFB4EB}
		{64FCB708-BEB8-4984-BF75-294680C83387} = {D9E60E73-0BE4-4900-8A5D-2796FDEFB4EB}
		{34521174-9810-4F96-B61F-0F77EE29DBE9} = {D9E60E73-0BE4-4900-8A5D-2796FDEFB4EB}
		{7C65CEBD-5410-4693-8CEF-3DDA715242B2} = {D9E60E73-0BE4-4900-8A5D-2796FDEFB4EB}
		{341A9D06-AACF-4B16-A0AB-6D8D4F1EAF6F} = {1437971B-9BCC-4491-9002-58989830EBDD}
		{1D2E1514-B649-48C1-9BD6-40D1B952C82D} = {341A9D06-AACF-4B16-A0AB-6D8D4F1EAF6F}
		{D7CE41B4-0EE5-4125-A5E9-08C25B8050CC} = {341A9D06-AACF-4B16-A0AB-6D8D4F1EAF6F}
		{BBAD0798-0C3E-4592-A17C-C506735A949C} = {341A9D06-AACF-4B16-A0AB-6D8D4F1EAF6F}
		{F05AB9FC-6D21-41FA-ACF8-4B591E0D27A1} = {341A9D06-AACF-4B16-A0AB-6D8D4F1EAF6F}
	EndGlobalSection
	GlobalSection(ExtensibilityGlobals) = postSolution
		SolutionGuid = {3D5AD26F-136F-402B-B0DF-546DAC5FBB45}
	EndGlobalSection
EndGlobal
