
Microsoft Visual Studio Solution File, Format Version 12.00
# Visual Studio Version 17
VisualStudioVersion = 17.13.36105.23
MinimumVisualStudioVersion = 10.0.40219.1
Project("{2150E333-8FDC-42A3-9474-1A3956D46DE8}") = "1-SOLID_Design_Principles", "1-SOLID_Design_Principles", "{02EA681E-C7D8-13C7-8484-4AC65E1B71E8}"
EndProject
Project("{FAE04EC0-301F-11D3-BF4B-00C04F79EFBC}") = "2-Open-Closed", "1-SOLID_Design_Principles\2-Open-Closed\2-Open-Closed.csproj", "{811641B1-FB3F-427A-974E-C5D1DDF307E7}"
EndProject
Project("{FAE04EC0-301F-11D3-BF4B-00C04F79EFBC}") = "3-LiskovSubstitution", "1-SOLID_Design_Principles\3-LiskovSubstitution\3-LiskovSubstitution.csproj", "{5419176A-2920-4FAA-8D33-F53C96F239EC}"
EndProject
Project("{FAE04EC0-301F-11D3-BF4B-00C04F79EFBC}") = "1-SingleResponsibility", "1-SOLID_Design_Principles\1-SingleResponsibility\1-SingleResponsibility.csproj", "{176505A5-A728-4BB0-9BEE-02E4C6E772A7}"
EndProject
Project("{FAE04EC0-301F-11D3-BF4B-00C04F79EFBC}") = "4-Interface Segregation", "1-SOLID_Design_Principles\4-Interface Segregation\4-Interface Segregation.csproj", "{0235FCC9-F4A3-48E9-89F9-E5FD775EA052}"
EndProject
Project("{FAE04EC0-301F-11D3-BF4B-00C04F79EFBC}") = "5-DependencyInversion", "1-SOLID_Design_Principles\5-DependencyInversion\5-DependencyInversion.csproj", "{BA9DC5EF-CE64-44A9-89D9-8885BA682058}"
EndProject
Project("{2150E333-8FDC-42A3-9474-1A3956D46DE8}") = "2-Creational.Builder", "2-Creational.Builder", "{3CC0DB1E-90B4-4330-A47E-1344ADF96994}"
EndProject
Project("{FAE04EC0-301F-11D3-BF4B-00C04F79EFBC}") = "1-Builder", "2-Creational.Builder\1-Builder\1-Builder.csproj", "{DF01BA7F-11C3-4C54-9141-A557F2B7E4C5}"
EndProject
Project("{FAE04EC0-301F-11D3-BF4B-00C04F79EFBC}") = "2-BuilderInheritance", "2-Creational.Builder\2-BuilderInheritance\2-BuilderInheritance.csproj", "{9C41533F-6555-4DC4-8C8D-36473FB9F669}"
EndProject
Project("{FAE04EC0-301F-11D3-BF4B-00C04F79EFBC}") = "3-StepwiseBuilder", "2-Creational.Builder\3-StepwiseBuilder\3-StepwiseBuilder.csproj", "{FC3EEA0B-D082-478C-9B7A-4D6A78C8CEB7}"
EndProject
Project("{FAE04EC0-301F-11D3-BF4B-00C04F79EFBC}") = "4-FunctionalBuilder", "2-Creational.Builder\4-FunctionalBuilder\4-FunctionalBuilder.csproj", "{E7D33FF6-6EE9-4E8D-A8D6-6F7B53B6D34B}"
EndProject
Project("{FAE04EC0-301F-11D3-BF4B-00C04F79EFBC}") = "4-FunctionalGenericBuilder", "2-Creational.Builder\4-FunctionalGenericBuilder\4-FunctionalGenericBuilder.csproj", "{A2DA0ECB-5DD9-4564-941D-08F4FB8B9388}"
EndProject
Project("{FAE04EC0-301F-11D3-BF4B-00C04F79EFBC}") = "5-FacetedBuilder", "2-Creational.Builder\5-FacetedBuilder\5-FacetedBuilder.csproj", "{37D3B744-01C5-4620-B8F0-B045B6FCB0CE}"
EndProject
Project("{2150E333-8FDC-42A3-9474-1A3956D46DE8}") = "3-Creational.Factories", "3-Creational.Factories", "{6ACA8A0B-C9CD-4095-8959-71BF3F78D10E}"
EndProject
Project("{FAE04EC0-301F-11D3-BF4B-00C04F79EFBC}") = "1-Factory", "3-Creational.Factories\1-Factory\1-Factory.csproj", "{6DE63BBB-02F7-4534-BF02-AB14CFB192B4}"
EndProject
Project("{FAE04EC0-301F-11D3-BF4B-00C04F79EFBC}") = "2-AsynchronousFactory", "3-Creational.Factories\2-AsynchronousFactory\2-AsynchronousFactory.csproj", "{B7D91A9B-13A2-4057-92B5-55ADED317E33}"
EndProject
Project("{FAE04EC0-301F-11D3-BF4B-00C04F79EFBC}") = "3-BulkReplacementFactory", "3-Creational.Factories\3-BulkReplacementFactory\3-BulkReplacementFactory.csproj", "{E3D18317-7574-4A3E-AB20-F18E284CCBD8}"
EndProject
Project("{FAE04EC0-301F-11D3-BF4B-00C04F79EFBC}") = "4-AbstractFactory", "3-Creational.Factories\4-AbstractFactory\4-AbstractFactory.csproj", "{D55483B3-A1BC-4E21-82A1-AFE3E32C7A30}"
EndProject
Global
	GlobalSection(SolutionConfigurationPlatforms) = preSolution
		Debug|Any CPU = Debug|Any CPU
		Release|Any CPU = Release|Any CPU
	EndGlobalSection
	GlobalSection(ProjectConfigurationPlatforms) = postSolution
		{811641B1-FB3F-427A-974E-C5D1DDF307E7}.Debug|Any CPU.ActiveCfg = Debug|Any CPU
		{811641B1-FB3F-427A-974E-C5D1DDF307E7}.Debug|Any CPU.Build.0 = Debug|Any CPU
		{811641B1-FB3F-427A-974E-C5D1DDF307E7}.Release|Any CPU.ActiveCfg = Release|Any CPU
		{811641B1-FB3F-427A-974E-C5D1DDF307E7}.Release|Any CPU.Build.0 = Release|Any CPU
		{5419176A-2920-4FAA-8D33-F53C96F239EC}.Debug|Any CPU.ActiveCfg = Debug|Any CPU
		{5419176A-2920-4FAA-8D33-F53C96F239EC}.Debug|Any CPU.Build.0 = Debug|Any CPU
		{5419176A-2920-4FAA-8D33-F53C96F239EC}.Release|Any CPU.ActiveCfg = Release|Any CPU
		{5419176A-2920-4FAA-8D33-F53C96F239EC}.Release|Any CPU.Build.0 = Release|Any CPU
		{176505A5-A728-4BB0-9BEE-02E4C6E772A7}.Debug|Any CPU.ActiveCfg = Debug|Any CPU
		{176505A5-A728-4BB0-9BEE-02E4C6E772A7}.Debug|Any CPU.Build.0 = Debug|Any CPU
		{176505A5-A728-4BB0-9BEE-02E4C6E772A7}.Release|Any CPU.ActiveCfg = Release|Any CPU
		{176505A5-A728-4BB0-9BEE-02E4C6E772A7}.Release|Any CPU.Build.0 = Release|Any CPU
		{0235FCC9-F4A3-48E9-89F9-E5FD775EA052}.Debug|Any CPU.ActiveCfg = Debug|Any CPU
		{0235FCC9-F4A3-48E9-89F9-E5FD775EA052}.Debug|Any CPU.Build.0 = Debug|Any CPU
		{0235FCC9-F4A3-48E9-89F9-E5FD775EA052}.Release|Any CPU.ActiveCfg = Release|Any CPU
		{0235FCC9-F4A3-48E9-89F9-E5FD775EA052}.Release|Any CPU.Build.0 = Release|Any CPU
		{BA9DC5EF-CE64-44A9-89D9-8885BA682058}.Debug|Any CPU.ActiveCfg = Debug|Any CPU
		{BA9DC5EF-CE64-44A9-89D9-8885BA682058}.Debug|Any CPU.Build.0 = Debug|Any CPU
		{BA9DC5EF-CE64-44A9-89D9-8885BA682058}.Release|Any CPU.ActiveCfg = Release|Any CPU
		{BA9DC5EF-CE64-44A9-89D9-8885BA682058}.Release|Any CPU.Build.0 = Release|Any CPU
		{DF01BA7F-11C3-4C54-9141-A557F2B7E4C5}.Debug|Any CPU.ActiveCfg = Debug|Any CPU
		{DF01BA7F-11C3-4C54-9141-A557F2B7E4C5}.Debug|Any CPU.Build.0 = Debug|Any CPU
		{DF01BA7F-11C3-4C54-9141-A557F2B7E4C5}.Release|Any CPU.ActiveCfg = Release|Any CPU
		{DF01BA7F-11C3-4C54-9141-A557F2B7E4C5}.Release|Any CPU.Build.0 = Release|Any CPU
		{9C41533F-6555-4DC4-8C8D-36473FB9F669}.Debug|Any CPU.ActiveCfg = Debug|Any CPU
		{9C41533F-6555-4DC4-8C8D-36473FB9F669}.Debug|Any CPU.Build.0 = Debug|Any CPU
		{9C41533F-6555-4DC4-8C8D-36473FB9F669}.Release|Any CPU.ActiveCfg = Release|Any CPU
		{9C41533F-6555-4DC4-8C8D-36473FB9F669}.Release|Any CPU.Build.0 = Release|Any CPU
		{FC3EEA0B-D082-478C-9B7A-4D6A78C8CEB7}.Debug|Any CPU.ActiveCfg = Debug|Any CPU
		{FC3EEA0B-D082-478C-9B7A-4D6A78C8CEB7}.Debug|Any CPU.Build.0 = Debug|Any CPU
		{FC3EEA0B-D082-478C-9B7A-4D6A78C8CEB7}.Release|Any CPU.ActiveCfg = Release|Any CPU
		{FC3EEA0B-D082-478C-9B7A-4D6A78C8CEB7}.Release|Any CPU.Build.0 = Release|Any CPU
		{E7D33FF6-6EE9-4E8D-A8D6-6F7B53B6D34B}.Debug|Any CPU.ActiveCfg = Debug|Any CPU
		{E7D33FF6-6EE9-4E8D-A8D6-6F7B53B6D34B}.Debug|Any CPU.Build.0 = Debug|Any CPU
		{E7D33FF6-6EE9-4E8D-A8D6-6F7B53B6D34B}.Release|Any CPU.ActiveCfg = Release|Any CPU
		{E7D33FF6-6EE9-4E8D-A8D6-6F7B53B6D34B}.Release|Any CPU.Build.0 = Release|Any CPU
		{A2DA0ECB-5DD9-4564-941D-08F4FB8B9388}.Debug|Any CPU.ActiveCfg = Debug|Any CPU
		{A2DA0ECB-5DD9-4564-941D-08F4FB8B9388}.Debug|Any CPU.Build.0 = Debug|Any CPU
		{A2DA0ECB-5DD9-4564-941D-08F4FB8B9388}.Release|Any CPU.ActiveCfg = Release|Any CPU
		{A2DA0ECB-5DD9-4564-941D-08F4FB8B9388}.Release|Any CPU.Build.0 = Release|Any CPU
		{37D3B744-01C5-4620-B8F0-B045B6FCB0CE}.Debug|Any CPU.ActiveCfg = Debug|Any CPU
		{37D3B744-01C5-4620-B8F0-B045B6FCB0CE}.Debug|Any CPU.Build.0 = Debug|Any CPU
		{37D3B744-01C5-4620-B8F0-B045B6FCB0CE}.Release|Any CPU.ActiveCfg = Release|Any CPU
		{37D3B744-01C5-4620-B8F0-B045B6FCB0CE}.Release|Any CPU.Build.0 = Release|Any CPU
		{6DE63BBB-02F7-4534-BF02-AB14CFB192B4}.Debug|Any CPU.ActiveCfg = Debug|Any CPU
		{6DE63BBB-02F7-4534-BF02-AB14CFB192B4}.Debug|Any CPU.Build.0 = Debug|Any CPU
		{6DE63BBB-02F7-4534-BF02-AB14CFB192B4}.Release|Any CPU.ActiveCfg = Release|Any CPU
		{6DE63BBB-02F7-4534-BF02-AB14CFB192B4}.Release|Any CPU.Build.0 = Release|Any CPU
		{B7D91A9B-13A2-4057-92B5-55ADED317E33}.Debug|Any CPU.ActiveCfg = Debug|Any CPU
		{B7D91A9B-13A2-4057-92B5-55ADED317E33}.Debug|Any CPU.Build.0 = Debug|Any CPU
		{B7D91A9B-13A2-4057-92B5-55ADED317E33}.Release|Any CPU.ActiveCfg = Release|Any CPU
		{B7D91A9B-13A2-4057-92B5-55ADED317E33}.Release|Any CPU.Build.0 = Release|Any CPU
		{E3D18317-7574-4A3E-AB20-F18E284CCBD8}.Debug|Any CPU.ActiveCfg = Debug|Any CPU
		{E3D18317-7574-4A3E-AB20-F18E284CCBD8}.Debug|Any CPU.Build.0 = Debug|Any CPU
		{E3D18317-7574-4A3E-AB20-F18E284CCBD8}.Release|Any CPU.ActiveCfg = Release|Any CPU
		{E3D18317-7574-4A3E-AB20-F18E284CCBD8}.Release|Any CPU.Build.0 = Release|Any CPU
		{D55483B3-A1BC-4E21-82A1-AFE3E32C7A30}.Debug|Any CPU.ActiveCfg = Debug|Any CPU
		{D55483B3-A1BC-4E21-82A1-AFE3E32C7A30}.Debug|Any CPU.Build.0 = Debug|Any CPU
		{D55483B3-A1BC-4E21-82A1-AFE3E32C7A30}.Release|Any CPU.ActiveCfg = Release|Any CPU
		{D55483B3-A1BC-4E21-82A1-AFE3E32C7A30}.Release|Any CPU.Build.0 = Release|Any CPU
	EndGlobalSection
	GlobalSection(SolutionProperties) = preSolution
		HideSolutionNode = FALSE
	EndGlobalSection
	GlobalSection(NestedProjects) = preSolution
		{811641B1-FB3F-427A-974E-C5D1DDF307E7} = {02EA681E-C7D8-13C7-8484-4AC65E1B71E8}
		{5419176A-2920-4FAA-8D33-F53C96F239EC} = {02EA681E-C7D8-13C7-8484-4AC65E1B71E8}
		{176505A5-A728-4BB0-9BEE-02E4C6E772A7} = {02EA681E-C7D8-13C7-8484-4AC65E1B71E8}
		{0235FCC9-F4A3-48E9-89F9-E5FD775EA052} = {02EA681E-C7D8-13C7-8484-4AC65E1B71E8}
		{BA9DC5EF-CE64-44A9-89D9-8885BA682058} = {02EA681E-C7D8-13C7-8484-4AC65E1B71E8}
		{DF01BA7F-11C3-4C54-9141-A557F2B7E4C5} = {3CC0DB1E-90B4-4330-A47E-1344ADF96994}
		{9C41533F-6555-4DC4-8C8D-36473FB9F669} = {3CC0DB1E-90B4-4330-A47E-1344ADF96994}
		{FC3EEA0B-D082-478C-9B7A-4D6A78C8CEB7} = {3CC0DB1E-90B4-4330-A47E-1344ADF96994}
		{E7D33FF6-6EE9-4E8D-A8D6-6F7B53B6D34B} = {3CC0DB1E-90B4-4330-A47E-1344ADF96994}
		{A2DA0ECB-5DD9-4564-941D-08F4FB8B9388} = {3CC0DB1E-90B4-4330-A47E-1344ADF96994}
		{37D3B744-01C5-4620-B8F0-B045B6FCB0CE} = {3CC0DB1E-90B4-4330-A47E-1344ADF96994}
		{6DE63BBB-02F7-4534-BF02-AB14CFB192B4} = {6ACA8A0B-C9CD-4095-8959-71BF3F78D10E}
		{B7D91A9B-13A2-4057-92B5-55ADED317E33} = {6ACA8A0B-C9CD-4095-8959-71BF3F78D10E}
		{E3D18317-7574-4A3E-AB20-F18E284CCBD8} = {6ACA8A0B-C9CD-4095-8959-71BF3F78D10E}
		{D55483B3-A1BC-4E21-82A1-AFE3E32C7A30} = {6ACA8A0B-C9CD-4095-8959-71BF3F78D10E}
	EndGlobalSection
	GlobalSection(ExtensibilityGlobals) = postSolution
		SolutionGuid = {3D5AD26F-136F-402B-B0DF-546DAC5FBB45}
	EndGlobalSection
EndGlobal
